
Microsoft Visual Studio Solution File, Format Version 12.00
# Visual Studio Version 17
VisualStudioVersion = 17.11.35208.52
MinimumVisualStudioVersion = 10.0.40219.1
Project("{FAE04EC0-301F-11D3-BF4B-00C04F79EFBC}") = "SADVO", "SADVO\SADVO.csproj", "{8FDC7871-0C7D-48F4-AABA-E3CE9AA746F5}"
EndProject
Project("{2150E333-8FDC-42A3-9474-1A3956D46DE8}") = "Source", "Source", "{DF555161-1CC8-4BDB-9B6D-D51DE8DE9640}"
EndProject
Project("{2150E333-8FDC-42A3-9474-1A3956D46DE8}") = "Core", "Core", "{89FBE4E2-CA28-4606-B165-D04EBB930E70}"
EndProject
Project("{2150E333-8FDC-42A3-9474-1A3956D46DE8}") = "Infrastructure", "Infrastructure", "{9EAA43D7-3405-411B-A4EB-0956193DA509}"
EndProject
Project("{2150E333-8FDC-42A3-9474-1A3956D46DE8}") = "Presentation", "Presentation", "{8D9F9BEB-1BA9-4FF3-B2F8-F26128CBA8DC}"
EndProject
Project("{2150E333-8FDC-42A3-9474-1A3956D46DE8}") = "WebApp", "WebApp", "{159E24C8-F7AE-4426-9E05-89E812E989BA}"
EndProject
Project("{FAE04EC0-301F-11D3-BF4B-00C04F79EFBC}") = "SADVO.Core.Application", "Application\SADVO.Core.Application.csproj", "{196CD88D-441F-4F73-8A05-AAAD6C89725B}"
EndProject
Project("{FAE04EC0-301F-11D3-BF4B-00C04F79EFBC}") = "SADVO.Infrastructure.Persistence", "Persistence\SADVO.Infrastructure.Persistence.csproj", "{822E346B-EBF9-42F8-8282-6AAD3D945E6A}"
EndProject
Project("{FAE04EC0-301F-11D3-BF4B-00C04F79EFBC}") = "SADVO.Core.Domain", "SADVO.Core.Domain\SADVO.Core.Domain.csproj", "{10DB7E41-E0A0-402B-BEA8-5883265FDE22}"
EndProject
Global
	GlobalSection(SolutionConfigurationPlatforms) = preSolution
		Debug|Any CPU = Debug|Any CPU
		Release|Any CPU = Release|Any CPU
	EndGlobalSection
	GlobalSection(ProjectConfigurationPlatforms) = postSolution
		{8FDC7871-0C7D-48F4-AABA-E3CE9AA746F5}.Debug|Any CPU.ActiveCfg = Debug|Any CPU
		{8FDC7871-0C7D-48F4-AABA-E3CE9AA746F5}.Debug|Any CPU.Build.0 = Debug|Any CPU
		{8FDC7871-0C7D-48F4-AABA-E3CE9AA746F5}.Release|Any CPU.ActiveCfg = Release|Any CPU
		{8FDC7871-0C7D-48F4-AABA-E3CE9AA746F5}.Release|Any CPU.Build.0 = Release|Any CPU
		{196CD88D-441F-4F73-8A05-AAAD6C89725B}.Debug|Any CPU.ActiveCfg = Debug|Any CPU
		{196CD88D-441F-4F73-8A05-AAAD6C89725B}.Debug|Any CPU.Build.0 = Debug|Any CPU
		{196CD88D-441F-4F73-8A05-AAAD6C89725B}.Release|Any CPU.ActiveCfg = Release|Any CPU
		{196CD88D-441F-4F73-8A05-AAAD6C89725B}.Release|Any CPU.Build.0 = Release|Any CPU
		{822E346B-EBF9-42F8-8282-6AAD3D945E6A}.Debug|Any CPU.ActiveCfg = Debug|Any CPU
		{822E346B-EBF9-42F8-8282-6AAD3D945E6A}.Debug|Any CPU.Build.0 = Debug|Any CPU
		{822E346B-EBF9-42F8-8282-6AAD3D945E6A}.Release|Any CPU.ActiveCfg = Release|Any CPU
		{822E346B-EBF9-42F8-8282-6AAD3D945E6A}.Release|Any CPU.Build.0 = Release|Any CPU
		{10DB7E41-E0A0-402B-BEA8-5883265FDE22}.Debug|Any CPU.ActiveCfg = Debug|Any CPU
		{10DB7E41-E0A0-402B-BEA8-5883265FDE22}.Debug|Any CPU.Build.0 = Debug|Any CPU
		{10DB7E41-E0A0-402B-BEA8-5883265FDE22}.Release|Any CPU.ActiveCfg = Release|Any CPU
		{10DB7E41-E0A0-402B-BEA8-5883265FDE22}.Release|Any CPU.Build.0 = Release|Any CPU
	EndGlobalSection
	GlobalSection(SolutionProperties) = preSolution
		HideSolutionNode = FALSE
	EndGlobalSection
	GlobalSection(NestedProjects) = preSolution
		{8FDC7871-0C7D-48F4-AABA-E3CE9AA746F5} = {159E24C8-F7AE-4426-9E05-89E812E989BA}
		{89FBE4E2-CA28-4606-B165-D04EBB930E70} = {DF555161-1CC8-4BDB-9B6D-D51DE8DE9640}
		{9EAA43D7-3405-411B-A4EB-0956193DA509} = {DF555161-1CC8-4BDB-9B6D-D51DE8DE9640}
		{8D9F9BEB-1BA9-4FF3-B2F8-F26128CBA8DC} = {DF555161-1CC8-4BDB-9B6D-D51DE8DE9640}
		{159E24C8-F7AE-4426-9E05-89E812E989BA} = {8D9F9BEB-1BA9-4FF3-B2F8-F26128CBA8DC}
		{196CD88D-441F-4F73-8A05-AAAD6C89725B} = {89FBE4E2-CA28-4606-B165-D04EBB930E70}
		{822E346B-EBF9-42F8-8282-6AAD3D945E6A} = {9EAA43D7-3405-411B-A4EB-0956193DA509}
		{10DB7E41-E0A0-402B-BEA8-5883265FDE22} = {89FBE4E2-CA28-4606-B165-D04EBB930E70}
	EndGlobalSection
	GlobalSection(ExtensibilityGlobals) = postSolution
		SolutionGuid = {79CCF4D7-3B9A-41D1-9424-585C33E62ED3}
	EndGlobalSection
EndGlobal
